
Microsoft Visual Studio Solution File, Format Version 12.00
# Visual Studio Version 17
VisualStudioVersion = 17.14.36616.10 d17.14
MinimumVisualStudioVersion = 10.0.40219.1
Project("{FAE04EC0-301F-11D3-BF4B-00C04F79EFBC}") = "Redis", "Redis\Redis.csproj", "{E77E6FAA-96D5-4B7D-86D2-BC94958C6EDC}"
EndProject
Project("{FAE04EC0-301F-11D3-BF4B-00C04F79EFBC}") = "RedisBenchmarks", "RedisBenchmarks\RedisBenchmarks.csproj", "{500C83CC-7A7A-4662-903D-6E4463EA1B0E}"
EndProject
Global
	GlobalSection(SolutionConfigurationPlatforms) = preSolution
		Debug|Any CPU = Debug|Any CPU
		Release|Any CPU = Release|Any CPU
	EndGlobalSection
	GlobalSection(ProjectConfigurationPlatforms) = postSolution
		{E77E6FAA-96D5-4B7D-86D2-BC94958C6EDC}.Debug|Any CPU.ActiveCfg = Debug|Any CPU
		{E77E6FAA-96D5-4B7D-86D2-BC94958C6EDC}.Debug|Any CPU.Build.0 = Debug|Any CPU
		{E77E6FAA-96D5-4B7D-86D2-BC94958C6EDC}.Release|Any CPU.ActiveCfg = Release|Any CPU
		{E77E6FAA-96D5-4B7D-86D2-BC94958C6EDC}.Release|Any CPU.Build.0 = Release|Any CPU
		{500C83CC-7A7A-4662-903D-6E4463EA1B0E}.Debug|Any CPU.ActiveCfg = Debug|Any CPU
		{500C83CC-7A7A-4662-903D-6E4463EA1B0E}.Debug|Any CPU.Build.0 = Debug|Any CPU
		{500C83CC-7A7A-4662-903D-6E4463EA1B0E}.Release|Any CPU.ActiveCfg = Release|Any CPU
		{500C83CC-7A7A-4662-903D-6E4463EA1B0E}.Release|Any CPU.Build.0 = Release|Any CPU
	EndGlobalSection
	GlobalSection(SolutionProperties) = preSolution
		HideSolutionNode = FALSE
	EndGlobalSection
	GlobalSection(ExtensibilityGlobals) = postSolution
		SolutionGuid = {30F06D92-58AF-4D94-A321-2D4D9111E224}
	EndGlobalSection
EndGlobal
